// !$*UTF8*$!
{
	archiveVersion = 1;
	classes = {
	};
	objectVersion = 56;
	objects = {

/* Begin PBXBuildFile section */
		9BA36BA82949E0AA00213E01 /* DoorbellApp.swift in Sources */ = {isa = PBXBuildFile; fileRef = 9BA36BA72949E0AA00213E01 /* DoorbellApp.swift */; };
		9BA36BAC2949E0AB00213E01 /* Assets.xcassets in Resources */ = {isa = PBXBuildFile; fileRef = 9BA36BAB2949E0AB00213E01 /* Assets.xcassets */; };
		9BA36BB02949E0AB00213E01 /* Preview Assets.xcassets in Resources */ = {isa = PBXBuildFile; fileRef = 9BA36BAF2949E0AB00213E01 /* Preview Assets.xcassets */; };
		9BA36BBA2949E0AC00213E01 /* DoorbellTests.swift in Sources */ = {isa = PBXBuildFile; fileRef = 9BA36BB92949E0AC00213E01 /* DoorbellTests.swift */; };
		9BA36BC42949E0AC00213E01 /* DoorbellUITests.swift in Sources */ = {isa = PBXBuildFile; fileRef = 9BA36BC32949E0AC00213E01 /* DoorbellUITests.swift */; };
		9BA36BC62949E0AC00213E01 /* DoorbellUITestsLaunchTests.swift in Sources */ = {isa = PBXBuildFile; fileRef = 9BA36BC52949E0AC00213E01 /* DoorbellUITestsLaunchTests.swift */; };
		9BAC07C929784AEF006EBB12 /* MenuItem.swift in Sources */ = {isa = PBXBuildFile; fileRef = 9BAC07C829784AEF006EBB12 /* MenuItem.swift */; };
		9BAC07CC29786A53006EBB12 /* LogoutButton.swift in Sources */ = {isa = PBXBuildFile; fileRef = 9BAC07CB29786A53006EBB12 /* LogoutButton.swift */; };
		9BAC07D029786E34006EBB12 /* WelcomeText.swift in Sources */ = {isa = PBXBuildFile; fileRef = 9BAC07CF29786E34006EBB12 /* WelcomeText.swift */; };
		9BAC07D229786E69006EBB12 /* ImageView.swift in Sources */ = {isa = PBXBuildFile; fileRef = 9BAC07D129786E69006EBB12 /* ImageView.swift */; };
		9BAC07D429786E7E006EBB12 /* LoginButton.swift in Sources */ = {isa = PBXBuildFile; fileRef = 9BAC07D329786E7E006EBB12 /* LoginButton.swift */; };
		9BAC07D629786ECF006EBB12 /* FormatChecks.swift in Sources */ = {isa = PBXBuildFile; fileRef = 9BAC07D529786ECF006EBB12 /* FormatChecks.swift */; };
		9BAC07D829787005006EBB12 /* MenuItems.swift in Sources */ = {isa = PBXBuildFile; fileRef = 9BAC07D729787005006EBB12 /* MenuItems.swift */; };
		9BAC07DA2978704A006EBB12 /* Menu.swift in Sources */ = {isa = PBXBuildFile; fileRef = 9BAC07D92978704A006EBB12 /* Menu.swift */; };
		9BAC07DC29787607006EBB12 /* EditMessageView.swift in Sources */ = {isa = PBXBuildFile; fileRef = 9BAC07DB29787607006EBB12 /* EditMessageView.swift */; };
		9BAC07DE29787D5A006EBB12 /* ChooseSoundView.swift in Sources */ = {isa = PBXBuildFile; fileRef = 9BAC07DD29787D5A006EBB12 /* ChooseSoundView.swift */; };
		9BAC07E0297887BA006EBB12 /* ChangeScheduleView.swift in Sources */ = {isa = PBXBuildFile; fileRef = 9BAC07DF297887BA006EBB12 /* ChangeScheduleView.swift */; };
		9BAC07E2297887C5006EBB12 /* ForwardNotificationView.swift in Sources */ = {isa = PBXBuildFile; fileRef = 9BAC07E1297887C5006EBB12 /* ForwardNotificationView.swift */; };
		9BAC07E4297887CE006EBB12 /* ForwardSchedulingView.swift in Sources */ = {isa = PBXBuildFile; fileRef = 9BAC07E3297887CE006EBB12 /* ForwardSchedulingView.swift */; };
		9BB49BF22959B7870009D111 /* UserStateViewModel.swift in Sources */ = {isa = PBXBuildFile; fileRef = 9BB49BF12959B7870009D111 /* UserStateViewModel.swift */; };
		9BB49BF42959B7CC0009D111 /* ApplicationSwitcher.swift in Sources */ = {isa = PBXBuildFile; fileRef = 9BB49BF32959B7CC0009D111 /* ApplicationSwitcher.swift */; };
		9BB49BF62959C1BD0009D111 /* LoginScreen.swift in Sources */ = {isa = PBXBuildFile; fileRef = 9BB49BF52959C1BD0009D111 /* LoginScreen.swift */; };
		9BB49BF82959C6F50009D111 /* ContentView.swift in Sources */ = {isa = PBXBuildFile; fileRef = 9BB49BF72959C6F50009D111 /* ContentView.swift */; };
		9BB49C05295CBC910009D111 /* SettingsView.swift in Sources */ = {isa = PBXBuildFile; fileRef = 9BB49C04295CBC910009D111 /* SettingsView.swift */; };
		9BB49C1B295CC60F0009D111 /* HomeHeader.swift in Sources */ = {isa = PBXBuildFile; fileRef = 9BB49C1A295CC60F0009D111 /* HomeHeader.swift */; };
		9BB49C282961F0600009D111 /* ProfilView.swift in Sources */ = {isa = PBXBuildFile; fileRef = 9BB49C272961F0600009D111 /* ProfilView.swift */; };
/* End PBXBuildFile section */

/* Begin PBXContainerItemProxy section */
		9BA36BB62949E0AC00213E01 /* PBXContainerItemProxy */ = {
			isa = PBXContainerItemProxy;
			containerPortal = 9BA36B9C2949E0AA00213E01 /* Project object */;
			proxyType = 1;
			remoteGlobalIDString = 9BA36BA32949E0AA00213E01;
			remoteInfo = Doorbell;
		};
		9BA36BC02949E0AC00213E01 /* PBXContainerItemProxy */ = {
			isa = PBXContainerItemProxy;
			containerPortal = 9BA36B9C2949E0AA00213E01 /* Project object */;
			proxyType = 1;
			remoteGlobalIDString = 9BA36BA32949E0AA00213E01;
			remoteInfo = Doorbell;
		};
/* End PBXContainerItemProxy section */

/* Begin PBXFileReference section */
		9BA36BA42949E0AA00213E01 /* Doorbell.app */ = {isa = PBXFileReference; explicitFileType = wrapper.application; includeInIndex = 0; path = Doorbell.app; sourceTree = BUILT_PRODUCTS_DIR; };
		9BA36BA72949E0AA00213E01 /* DoorbellApp.swift */ = {isa = PBXFileReference; lastKnownFileType = sourcecode.swift; path = DoorbellApp.swift; sourceTree = "<group>"; };
		9BA36BAB2949E0AB00213E01 /* Assets.xcassets */ = {isa = PBXFileReference; lastKnownFileType = folder.assetcatalog; path = Assets.xcassets; sourceTree = "<group>"; };
		9BA36BAD2949E0AB00213E01 /* Doorbell.entitlements */ = {isa = PBXFileReference; lastKnownFileType = text.plist.entitlements; path = Doorbell.entitlements; sourceTree = "<group>"; };
		9BA36BAF2949E0AB00213E01 /* Preview Assets.xcassets */ = {isa = PBXFileReference; lastKnownFileType = folder.assetcatalog; path = "Preview Assets.xcassets"; sourceTree = "<group>"; };
		9BA36BB52949E0AC00213E01 /* DoorbellTests.xctest */ = {isa = PBXFileReference; explicitFileType = wrapper.cfbundle; includeInIndex = 0; path = DoorbellTests.xctest; sourceTree = BUILT_PRODUCTS_DIR; };
		9BA36BB92949E0AC00213E01 /* DoorbellTests.swift */ = {isa = PBXFileReference; lastKnownFileType = sourcecode.swift; path = DoorbellTests.swift; sourceTree = "<group>"; };
		9BA36BBF2949E0AC00213E01 /* DoorbellUITests.xctest */ = {isa = PBXFileReference; explicitFileType = wrapper.cfbundle; includeInIndex = 0; path = DoorbellUITests.xctest; sourceTree = BUILT_PRODUCTS_DIR; };
		9BA36BC32949E0AC00213E01 /* DoorbellUITests.swift */ = {isa = PBXFileReference; lastKnownFileType = sourcecode.swift; path = DoorbellUITests.swift; sourceTree = "<group>"; };
		9BA36BC52949E0AC00213E01 /* DoorbellUITestsLaunchTests.swift */ = {isa = PBXFileReference; lastKnownFileType = sourcecode.swift; path = DoorbellUITestsLaunchTests.swift; sourceTree = "<group>"; };
		9BAC07C829784AEF006EBB12 /* MenuItem.swift */ = {isa = PBXFileReference; lastKnownFileType = sourcecode.swift; path = MenuItem.swift; sourceTree = "<group>"; };
		9BAC07CB29786A53006EBB12 /* LogoutButton.swift */ = {isa = PBXFileReference; lastKnownFileType = sourcecode.swift; path = LogoutButton.swift; sourceTree = "<group>"; };
		9BAC07CF29786E34006EBB12 /* WelcomeText.swift */ = {isa = PBXFileReference; lastKnownFileType = sourcecode.swift; path = WelcomeText.swift; sourceTree = "<group>"; };
		9BAC07D129786E69006EBB12 /* ImageView.swift */ = {isa = PBXFileReference; lastKnownFileType = sourcecode.swift; path = ImageView.swift; sourceTree = "<group>"; };
		9BAC07D329786E7E006EBB12 /* LoginButton.swift */ = {isa = PBXFileReference; lastKnownFileType = sourcecode.swift; path = LoginButton.swift; sourceTree = "<group>"; };
		9BAC07D529786ECF006EBB12 /* FormatChecks.swift */ = {isa = PBXFileReference; lastKnownFileType = sourcecode.swift; path = FormatChecks.swift; sourceTree = "<group>"; };
		9BAC07D729787005006EBB12 /* MenuItems.swift */ = {isa = PBXFileReference; lastKnownFileType = sourcecode.swift; path = MenuItems.swift; sourceTree = "<group>"; };
		9BAC07D92978704A006EBB12 /* Menu.swift */ = {isa = PBXFileReference; lastKnownFileType = sourcecode.swift; path = Menu.swift; sourceTree = "<group>"; };
		9BAC07DB29787607006EBB12 /* EditMessageView.swift */ = {isa = PBXFileReference; lastKnownFileType = sourcecode.swift; path = EditMessageView.swift; sourceTree = "<group>"; };
		9BAC07DD29787D5A006EBB12 /* ChooseSoundView.swift */ = {isa = PBXFileReference; lastKnownFileType = sourcecode.swift; path = ChooseSoundView.swift; sourceTree = "<group>"; };
		9BAC07DF297887BA006EBB12 /* ChangeScheduleView.swift */ = {isa = PBXFileReference; lastKnownFileType = sourcecode.swift; path = ChangeScheduleView.swift; sourceTree = "<group>"; };
		9BAC07E1297887C5006EBB12 /* ForwardNotificationView.swift */ = {isa = PBXFileReference; lastKnownFileType = sourcecode.swift; path = ForwardNotificationView.swift; sourceTree = "<group>"; };
		9BAC07E3297887CE006EBB12 /* ForwardSchedulingView.swift */ = {isa = PBXFileReference; lastKnownFileType = sourcecode.swift; path = ForwardSchedulingView.swift; sourceTree = "<group>"; };
		9BB49BF12959B7870009D111 /* UserStateViewModel.swift */ = {isa = PBXFileReference; lastKnownFileType = sourcecode.swift; path = UserStateViewModel.swift; sourceTree = "<group>"; };
		9BB49BF32959B7CC0009D111 /* ApplicationSwitcher.swift */ = {isa = PBXFileReference; lastKnownFileType = sourcecode.swift; path = ApplicationSwitcher.swift; sourceTree = "<group>"; };
		9BB49BF52959C1BD0009D111 /* LoginScreen.swift */ = {isa = PBXFileReference; lastKnownFileType = sourcecode.swift; path = LoginScreen.swift; sourceTree = "<group>"; };
		9BB49BF72959C6F50009D111 /* ContentView.swift */ = {isa = PBXFileReference; lastKnownFileType = sourcecode.swift; path = ContentView.swift; sourceTree = "<group>"; };
		9BB49C04295CBC910009D111 /* SettingsView.swift */ = {isa = PBXFileReference; lastKnownFileType = sourcecode.swift; path = SettingsView.swift; sourceTree = "<group>"; };
		9BB49C1A295CC60F0009D111 /* HomeHeader.swift */ = {isa = PBXFileReference; lastKnownFileType = sourcecode.swift; path = HomeHeader.swift; sourceTree = "<group>"; };
		9BB49C272961F0600009D111 /* ProfilView.swift */ = {isa = PBXFileReference; lastKnownFileType = sourcecode.swift; path = ProfilView.swift; sourceTree = "<group>"; };
/* End PBXFileReference section */

/* Begin PBXFrameworksBuildPhase section */
		9BA36BA12949E0AA00213E01 /* Frameworks */ = {
			isa = PBXFrameworksBuildPhase;
			buildActionMask = 2147483647;
			files = (
			);
			runOnlyForDeploymentPostprocessing = 0;
		};
		9BA36BB22949E0AC00213E01 /* Frameworks */ = {
			isa = PBXFrameworksBuildPhase;
			buildActionMask = 2147483647;
			files = (
			);
			runOnlyForDeploymentPostprocessing = 0;
		};
		9BA36BBC2949E0AC00213E01 /* Frameworks */ = {
			isa = PBXFrameworksBuildPhase;
			buildActionMask = 2147483647;
			files = (
			);
			runOnlyForDeploymentPostprocessing = 0;
		};
/* End PBXFrameworksBuildPhase section */

/* Begin PBXGroup section */
		9B37E78029599E900093271B /* Views */ = {
			isa = PBXGroup;
			children = (
				9BAC07CA29786A2F006EBB12 /* Components */,
				9BB49BF72959C6F50009D111 /* ContentView.swift */,
				9BB49BF32959B7CC0009D111 /* ApplicationSwitcher.swift */,
				9BB49BF52959C1BD0009D111 /* LoginScreen.swift */,
				9BB49C04295CBC910009D111 /* SettingsView.swift */,
				9BB49C272961F0600009D111 /* ProfilView.swift */,
				9BAC07DB29787607006EBB12 /* EditMessageView.swift */,
				9B37E7BA2959A8350093271B /* Models */,
			);
			path = Views;
			sourceTree = "<group>";
		};
		9B37E7BA2959A8350093271B /* Models */ = {
			isa = PBXGroup;
			children = (
				9BB49BF12959B7870009D111 /* UserStateViewModel.swift */,
				9BAC07D529786ECF006EBB12 /* FormatChecks.swift */,
				9BAC07D729787005006EBB12 /* MenuItems.swift */,
			);
			path = Models;
			sourceTree = "<group>";
		};
		9BA36B9B2949E0AA00213E01 = {
			isa = PBXGroup;
			children = (
				9BAC07E3297887CE006EBB12 /* ForwardSchedulingView.swift */,
				9BAC07E1297887C5006EBB12 /* ForwardNotificationView.swift */,
				9BAC07DF297887BA006EBB12 /* ChangeScheduleView.swift */,
				9BA36BA62949E0AA00213E01 /* Doorbell */,
				9BA36BB82949E0AC00213E01 /* DoorbellTests */,
				9BA36BC22949E0AC00213E01 /* DoorbellUITests */,
				9BA36BA52949E0AA00213E01 /* Products */,
			);
			sourceTree = "<group>";
		};
		9BA36BA52949E0AA00213E01 /* Products */ = {
			isa = PBXGroup;
			children = (
				9BA36BA42949E0AA00213E01 /* Doorbell.app */,
				9BA36BB52949E0AC00213E01 /* DoorbellTests.xctest */,
				9BA36BBF2949E0AC00213E01 /* DoorbellUITests.xctest */,
			);
			name = Products;
			sourceTree = "<group>";
		};
		9BA36BA62949E0AA00213E01 /* Doorbell */ = {
			isa = PBXGroup;
			children = (
				9BA36BA72949E0AA00213E01 /* DoorbellApp.swift */,
				9B37E78029599E900093271B /* Views */,
				9BA36BAB2949E0AB00213E01 /* Assets.xcassets */,
				9BA36BAD2949E0AB00213E01 /* Doorbell.entitlements */,
				9BA36BAE2949E0AB00213E01 /* Preview Content */,
			);
			path = Doorbell;
			sourceTree = "<group>";
		};
		9BA36BAE2949E0AB00213E01 /* Preview Content */ = {
			isa = PBXGroup;
			children = (
				9BA36BAF2949E0AB00213E01 /* Preview Assets.xcassets */,
			);
			path = "Preview Content";
			sourceTree = "<group>";
		};
		9BA36BB82949E0AC00213E01 /* DoorbellTests */ = {
			isa = PBXGroup;
			children = (
				9BA36BB92949E0AC00213E01 /* DoorbellTests.swift */,
			);
			path = DoorbellTests;
			sourceTree = "<group>";
		};
		9BA36BC22949E0AC00213E01 /* DoorbellUITests */ = {
			isa = PBXGroup;
			children = (
				9BA36BC32949E0AC00213E01 /* DoorbellUITests.swift */,
				9BA36BC52949E0AC00213E01 /* DoorbellUITestsLaunchTests.swift */,
			);
			path = DoorbellUITests;
			sourceTree = "<group>";
		};
		9BAC07CA29786A2F006EBB12 /* Components */ = {
			isa = PBXGroup;
			children = (
				9BB49C1A295CC60F0009D111 /* HomeHeader.swift */,
				9BAC07CB29786A53006EBB12 /* LogoutButton.swift */,
				9BAC07CF29786E34006EBB12 /* WelcomeText.swift */,
				9BAC07D129786E69006EBB12 /* ImageView.swift */,
				9BAC07D329786E7E006EBB12 /* LoginButton.swift */,
				9BAC07D92978704A006EBB12 /* Menu.swift */,
				9BAC07C829784AEF006EBB12 /* MenuItem.swift */,
				9BAC07DD29787D5A006EBB12 /* ChooseSoundView.swift */,
			);
			path = Components;
			sourceTree = "<group>";
		};
/* End PBXGroup section */

/* Begin PBXNativeTarget section */
		9BA36BA32949E0AA00213E01 /* Doorbell */ = {
			isa = PBXNativeTarget;
			buildConfigurationList = 9BA36BC92949E0AC00213E01 /* Build configuration list for PBXNativeTarget "Doorbell" */;
			buildPhases = (
				9BA36BA02949E0AA00213E01 /* Sources */,
				9BA36BA12949E0AA00213E01 /* Frameworks */,
				9BA36BA22949E0AA00213E01 /* Resources */,
			);
			buildRules = (
			);
			dependencies = (
			);
			name = Doorbell;
			productName = Doorbell;
			productReference = 9BA36BA42949E0AA00213E01 /* Doorbell.app */;
			productType = "com.apple.product-type.application";
		};
		9BA36BB42949E0AC00213E01 /* DoorbellTests */ = {
			isa = PBXNativeTarget;
			buildConfigurationList = 9BA36BCC2949E0AC00213E01 /* Build configuration list for PBXNativeTarget "DoorbellTests" */;
			buildPhases = (
				9BA36BB12949E0AC00213E01 /* Sources */,
				9BA36BB22949E0AC00213E01 /* Frameworks */,
				9BA36BB32949E0AC00213E01 /* Resources */,
			);
			buildRules = (
			);
			dependencies = (
				9BA36BB72949E0AC00213E01 /* PBXTargetDependency */,
			);
			name = DoorbellTests;
			productName = DoorbellTests;
			productReference = 9BA36BB52949E0AC00213E01 /* DoorbellTests.xctest */;
			productType = "com.apple.product-type.bundle.unit-test";
		};
		9BA36BBE2949E0AC00213E01 /* DoorbellUITests */ = {
			isa = PBXNativeTarget;
			buildConfigurationList = 9BA36BCF2949E0AC00213E01 /* Build configuration list for PBXNativeTarget "DoorbellUITests" */;
			buildPhases = (
				9BA36BBB2949E0AC00213E01 /* Sources */,
				9BA36BBC2949E0AC00213E01 /* Frameworks */,
				9BA36BBD2949E0AC00213E01 /* Resources */,
			);
			buildRules = (
			);
			dependencies = (
				9BA36BC12949E0AC00213E01 /* PBXTargetDependency */,
			);
			name = DoorbellUITests;
			productName = DoorbellUITests;
			productReference = 9BA36BBF2949E0AC00213E01 /* DoorbellUITests.xctest */;
			productType = "com.apple.product-type.bundle.ui-testing";
		};
/* End PBXNativeTarget section */

/* Begin PBXProject section */
		9BA36B9C2949E0AA00213E01 /* Project object */ = {
			isa = PBXProject;
			attributes = {
				BuildIndependentTargetsInParallel = 1;
				LastSwiftUpdateCheck = 1410;
				LastUpgradeCheck = 1410;
				TargetAttributes = {
					9BA36BA32949E0AA00213E01 = {
						CreatedOnToolsVersion = 14.1;
					};
					9BA36BB42949E0AC00213E01 = {
						CreatedOnToolsVersion = 14.1;
						TestTargetID = 9BA36BA32949E0AA00213E01;
					};
					9BA36BBE2949E0AC00213E01 = {
						CreatedOnToolsVersion = 14.1;
						TestTargetID = 9BA36BA32949E0AA00213E01;
					};
				};
			};
			buildConfigurationList = 9BA36B9F2949E0AA00213E01 /* Build configuration list for PBXProject "Doorbell" */;
			compatibilityVersion = "Xcode 14.0";
			developmentRegion = en;
			hasScannedForEncodings = 0;
			knownRegions = (
				en,
				Base,
			);
			mainGroup = 9BA36B9B2949E0AA00213E01;
			productRefGroup = 9BA36BA52949E0AA00213E01 /* Products */;
			projectDirPath = "";
			projectRoot = "";
			targets = (
				9BA36BA32949E0AA00213E01 /* Doorbell */,
				9BA36BB42949E0AC00213E01 /* DoorbellTests */,
				9BA36BBE2949E0AC00213E01 /* DoorbellUITests */,
			);
		};
/* End PBXProject section */

/* Begin PBXResourcesBuildPhase section */
		9BA36BA22949E0AA00213E01 /* Resources */ = {
			isa = PBXResourcesBuildPhase;
			buildActionMask = 2147483647;
			files = (
				9BA36BB02949E0AB00213E01 /* Preview Assets.xcassets in Resources */,
				9BA36BAC2949E0AB00213E01 /* Assets.xcassets in Resources */,
			);
			runOnlyForDeploymentPostprocessing = 0;
		};
		9BA36BB32949E0AC00213E01 /* Resources */ = {
			isa = PBXResourcesBuildPhase;
			buildActionMask = 2147483647;
			files = (
			);
			runOnlyForDeploymentPostprocessing = 0;
		};
		9BA36BBD2949E0AC00213E01 /* Resources */ = {
			isa = PBXResourcesBuildPhase;
			buildActionMask = 2147483647;
			files = (
			);
			runOnlyForDeploymentPostprocessing = 0;
		};
/* End PBXResourcesBuildPhase section */

/* Begin PBXSourcesBuildPhase section */
		9BA36BA02949E0AA00213E01 /* Sources */ = {
			isa = PBXSourcesBuildPhase;
			buildActionMask = 2147483647;
			files = (
				9BAC07D229786E69006EBB12 /* ImageView.swift in Sources */,
				9BAC07CC29786A53006EBB12 /* LogoutButton.swift in Sources */,
				9BAC07D829787005006EBB12 /* MenuItems.swift in Sources */,
				9BAC07E2297887C5006EBB12 /* ForwardNotificationView.swift in Sources */,
				9BAC07D029786E34006EBB12 /* WelcomeText.swift in Sources */,
				9BB49C282961F0600009D111 /* ProfilView.swift in Sources */,
				9BAC07E0297887BA006EBB12 /* ChangeScheduleView.swift in Sources */,
				9BB49C05295CBC910009D111 /* SettingsView.swift in Sources */,
				9BAC07C929784AEF006EBB12 /* MenuItem.swift in Sources */,
				9BB49C1B295CC60F0009D111 /* HomeHeader.swift in Sources */,
				9BB49BF42959B7CC0009D111 /* ApplicationSwitcher.swift in Sources */,
				9BB49BF62959C1BD0009D111 /* LoginScreen.swift in Sources */,
				9BAC07DA2978704A006EBB12 /* Menu.swift in Sources */,
				9BAC07DC29787607006EBB12 /* EditMessageView.swift in Sources */,
				9BA36BA82949E0AA00213E01 /* DoorbellApp.swift in Sources */,
				9BB49BF82959C6F50009D111 /* ContentView.swift in Sources */,
				9BB49BF22959B7870009D111 /* UserStateViewModel.swift in Sources */,
				9BAC07E4297887CE006EBB12 /* ForwardSchedulingView.swift in Sources */,
				9BAC07D429786E7E006EBB12 /* LoginButton.swift in Sources */,
				9BAC07D629786ECF006EBB12 /* FormatChecks.swift in Sources */,
				9BAC07DE29787D5A006EBB12 /* ChooseSoundView.swift in Sources */,
			);
			runOnlyForDeploymentPostprocessing = 0;
		};
		9BA36BB12949E0AC00213E01 /* Sources */ = {
			isa = PBXSourcesBuildPhase;
			buildActionMask = 2147483647;
			files = (
				9BA36BBA2949E0AC00213E01 /* DoorbellTests.swift in Sources */,
			);
			runOnlyForDeploymentPostprocessing = 0;
		};
		9BA36BBB2949E0AC00213E01 /* Sources */ = {
			isa = PBXSourcesBuildPhase;
			buildActionMask = 2147483647;
			files = (
				9BA36BC62949E0AC00213E01 /* DoorbellUITestsLaunchTests.swift in Sources */,
				9BA36BC42949E0AC00213E01 /* DoorbellUITests.swift in Sources */,
			);
			runOnlyForDeploymentPostprocessing = 0;
		};
/* End PBXSourcesBuildPhase section */

/* Begin PBXTargetDependency section */
		9BA36BB72949E0AC00213E01 /* PBXTargetDependency */ = {
			isa = PBXTargetDependency;
			target = 9BA36BA32949E0AA00213E01 /* Doorbell */;
			targetProxy = 9BA36BB62949E0AC00213E01 /* PBXContainerItemProxy */;
		};
		9BA36BC12949E0AC00213E01 /* PBXTargetDependency */ = {
			isa = PBXTargetDependency;
			target = 9BA36BA32949E0AA00213E01 /* Doorbell */;
			targetProxy = 9BA36BC02949E0AC00213E01 /* PBXContainerItemProxy */;
		};
/* End PBXTargetDependency section */

/* Begin XCBuildConfiguration section */
		9BA36BC72949E0AC00213E01 /* Debug */ = {
			isa = XCBuildConfiguration;
			buildSettings = {
				ALWAYS_SEARCH_USER_PATHS = NO;
				CLANG_ANALYZER_NONNULL = YES;
				CLANG_ANALYZER_NUMBER_OBJECT_CONVERSION = YES_AGGRESSIVE;
				CLANG_CXX_LANGUAGE_STANDARD = "gnu++20";
				CLANG_ENABLE_MODULES = YES;
				CLANG_ENABLE_OBJC_ARC = YES;
				CLANG_ENABLE_OBJC_WEAK = YES;
				CLANG_WARN_BLOCK_CAPTURE_AUTORELEASING = YES;
				CLANG_WARN_BOOL_CONVERSION = YES;
				CLANG_WARN_COMMA = YES;
				CLANG_WARN_CONSTANT_CONVERSION = YES;
				CLANG_WARN_DEPRECATED_OBJC_IMPLEMENTATIONS = YES;
				CLANG_WARN_DIRECT_OBJC_ISA_USAGE = YES_ERROR;
				CLANG_WARN_DOCUMENTATION_COMMENTS = YES;
				CLANG_WARN_EMPTY_BODY = YES;
				CLANG_WARN_ENUM_CONVERSION = YES;
				CLANG_WARN_INFINITE_RECURSION = YES;
				CLANG_WARN_INT_CONVERSION = YES;
				CLANG_WARN_NON_LITERAL_NULL_CONVERSION = YES;
				CLANG_WARN_OBJC_IMPLICIT_RETAIN_SELF = YES;
				CLANG_WARN_OBJC_LITERAL_CONVERSION = YES;
				CLANG_WARN_OBJC_ROOT_CLASS = YES_ERROR;
				CLANG_WARN_QUOTED_INCLUDE_IN_FRAMEWORK_HEADER = YES;
				CLANG_WARN_RANGE_LOOP_ANALYSIS = YES;
				CLANG_WARN_STRICT_PROTOTYPES = YES;
				CLANG_WARN_SUSPICIOUS_MOVE = YES;
				CLANG_WARN_UNGUARDED_AVAILABILITY = YES_AGGRESSIVE;
				CLANG_WARN_UNREACHABLE_CODE = YES;
				CLANG_WARN__DUPLICATE_METHOD_MATCH = YES;
				COPY_PHASE_STRIP = NO;
				DEBUG_INFORMATION_FORMAT = dwarf;
				ENABLE_STRICT_OBJC_MSGSEND = YES;
				ENABLE_TESTABILITY = YES;
				GCC_C_LANGUAGE_STANDARD = gnu11;
				GCC_DYNAMIC_NO_PIC = NO;
				GCC_NO_COMMON_BLOCKS = YES;
				GCC_OPTIMIZATION_LEVEL = 0;
				GCC_PREPROCESSOR_DEFINITIONS = (
					"DEBUG=1",
					"$(inherited)",
				);
				GCC_WARN_64_TO_32_BIT_CONVERSION = YES;
				GCC_WARN_ABOUT_RETURN_TYPE = YES_ERROR;
				GCC_WARN_UNDECLARED_SELECTOR = YES;
				GCC_WARN_UNINITIALIZED_AUTOS = YES_AGGRESSIVE;
				GCC_WARN_UNUSED_FUNCTION = YES;
				GCC_WARN_UNUSED_VARIABLE = YES;
				MTL_ENABLE_DEBUG_INFO = INCLUDE_SOURCE;
				MTL_FAST_MATH = YES;
				ONLY_ACTIVE_ARCH = YES;
				SWIFT_ACTIVE_COMPILATION_CONDITIONS = DEBUG;
				SWIFT_OPTIMIZATION_LEVEL = "-Onone";
			};
			name = Debug;
		};
		9BA36BC82949E0AC00213E01 /* Release */ = {
			isa = XCBuildConfiguration;
			buildSettings = {
				ALWAYS_SEARCH_USER_PATHS = NO;
				CLANG_ANALYZER_NONNULL = YES;
				CLANG_ANALYZER_NUMBER_OBJECT_CONVERSION = YES_AGGRESSIVE;
				CLANG_CXX_LANGUAGE_STANDARD = "gnu++20";
				CLANG_ENABLE_MODULES = YES;
				CLANG_ENABLE_OBJC_ARC = YES;
				CLANG_ENABLE_OBJC_WEAK = YES;
				CLANG_WARN_BLOCK_CAPTURE_AUTORELEASING = YES;
				CLANG_WARN_BOOL_CONVERSION = YES;
				CLANG_WARN_COMMA = YES;
				CLANG_WARN_CONSTANT_CONVERSION = YES;
				CLANG_WARN_DEPRECATED_OBJC_IMPLEMENTATIONS = YES;
				CLANG_WARN_DIRECT_OBJC_ISA_USAGE = YES_ERROR;
				CLANG_WARN_DOCUMENTATION_COMMENTS = YES;
				CLANG_WARN_EMPTY_BODY = YES;
				CLANG_WARN_ENUM_CONVERSION = YES;
				CLANG_WARN_INFINITE_RECURSION = YES;
				CLANG_WARN_INT_CONVERSION = YES;
				CLANG_WARN_NON_LITERAL_NULL_CONVERSION = YES;
				CLANG_WARN_OBJC_IMPLICIT_RETAIN_SELF = YES;
				CLANG_WARN_OBJC_LITERAL_CONVERSION = YES;
				CLANG_WARN_OBJC_ROOT_CLASS = YES_ERROR;
				CLANG_WARN_QUOTED_INCLUDE_IN_FRAMEWORK_HEADER = YES;
				CLANG_WARN_RANGE_LOOP_ANALYSIS = YES;
				CLANG_WARN_STRICT_PROTOTYPES = YES;
				CLANG_WARN_SUSPICIOUS_MOVE = YES;
				CLANG_WARN_UNGUARDED_AVAILABILITY = YES_AGGRESSIVE;
				CLANG_WARN_UNREACHABLE_CODE = YES;
				CLANG_WARN__DUPLICATE_METHOD_MATCH = YES;
				COPY_PHASE_STRIP = NO;
				DEBUG_INFORMATION_FORMAT = "dwarf-with-dsym";
				ENABLE_NS_ASSERTIONS = NO;
				ENABLE_STRICT_OBJC_MSGSEND = YES;
				GCC_C_LANGUAGE_STANDARD = gnu11;
				GCC_NO_COMMON_BLOCKS = YES;
				GCC_WARN_64_TO_32_BIT_CONVERSION = YES;
				GCC_WARN_ABOUT_RETURN_TYPE = YES_ERROR;
				GCC_WARN_UNDECLARED_SELECTOR = YES;
				GCC_WARN_UNINITIALIZED_AUTOS = YES_AGGRESSIVE;
				GCC_WARN_UNUSED_FUNCTION = YES;
				GCC_WARN_UNUSED_VARIABLE = YES;
				MTL_ENABLE_DEBUG_INFO = NO;
				MTL_FAST_MATH = YES;
				SWIFT_COMPILATION_MODE = wholemodule;
				SWIFT_OPTIMIZATION_LEVEL = "-O";
			};
			name = Release;
		};
		9BA36BCA2949E0AC00213E01 /* Debug */ = {
			isa = XCBuildConfiguration;
			buildSettings = {
				ASSETCATALOG_COMPILER_APPICON_NAME = AppIcon;
				ASSETCATALOG_COMPILER_GLOBAL_ACCENT_COLOR_NAME = AccentColor;
				CODE_SIGN_ENTITLEMENTS = Doorbell/Doorbell.entitlements;
				CODE_SIGN_STYLE = Automatic;
				CURRENT_PROJECT_VERSION = 1;
				DEVELOPMENT_ASSET_PATHS = "\"Doorbell/Preview Content\"";
				DEVELOPMENT_TEAM = K3VVPGNQ2B;
				ENABLE_HARDENED_RUNTIME = YES;
				ENABLE_PREVIEWS = YES;
				GENERATE_INFOPLIST_FILE = YES;
				"INFOPLIST_KEY_UIApplicationSceneManifest_Generation[sdk=iphoneos*]" = YES;
				"INFOPLIST_KEY_UIApplicationSceneManifest_Generation[sdk=iphonesimulator*]" = YES;
				"INFOPLIST_KEY_UIApplicationSupportsIndirectInputEvents[sdk=iphoneos*]" = YES;
				"INFOPLIST_KEY_UIApplicationSupportsIndirectInputEvents[sdk=iphonesimulator*]" = YES;
				"INFOPLIST_KEY_UILaunchScreen_Generation[sdk=iphoneos*]" = YES;
				"INFOPLIST_KEY_UILaunchScreen_Generation[sdk=iphonesimulator*]" = YES;
				"INFOPLIST_KEY_UIStatusBarStyle[sdk=iphoneos*]" = UIStatusBarStyleDefault;
				"INFOPLIST_KEY_UIStatusBarStyle[sdk=iphonesimulator*]" = UIStatusBarStyleDefault;
				INFOPLIST_KEY_UISupportedInterfaceOrientations_iPad = "UIInterfaceOrientationPortrait UIInterfaceOrientationPortraitUpsideDown UIInterfaceOrientationLandscapeLeft UIInterfaceOrientationLandscapeRight";
				INFOPLIST_KEY_UISupportedInterfaceOrientations_iPhone = "UIInterfaceOrientationPortrait UIInterfaceOrientationLandscapeLeft UIInterfaceOrientationLandscapeRight";
				IPHONEOS_DEPLOYMENT_TARGET = 16.1;
				LD_RUNPATH_SEARCH_PATHS = "@executable_path/Frameworks";
				"LD_RUNPATH_SEARCH_PATHS[sdk=macosx*]" = "@executable_path/../Frameworks";
				MACOSX_DEPLOYMENT_TARGET = 12.6;
				MARKETING_VERSION = 1.0;
				PRODUCT_BUNDLE_IDENTIFIER = Fontys.Doorbell;
				PRODUCT_NAME = "$(TARGET_NAME)";
				SDKROOT = auto;
				SUPPORTED_PLATFORMS = "iphoneos iphonesimulator macosx";
				SWIFT_EMIT_LOC_STRINGS = YES;
				SWIFT_VERSION = 5.0;
				TARGETED_DEVICE_FAMILY = "1,2";
			};
			name = Debug;
		};
		9BA36BCB2949E0AC00213E01 /* Release */ = {
			isa = XCBuildConfiguration;
			buildSettings = {
				ASSETCATALOG_COMPILER_APPICON_NAME = AppIcon;
				ASSETCATALOG_COMPILER_GLOBAL_ACCENT_COLOR_NAME = AccentColor;
				CODE_SIGN_ENTITLEMENTS = Doorbell/Doorbell.entitlements;
				CODE_SIGN_STYLE = Automatic;
				CURRENT_PROJECT_VERSION = 1;
				DEVELOPMENT_ASSET_PATHS = "\"Doorbell/Preview Content\"";
				DEVELOPMENT_TEAM = K3VVPGNQ2B;
				ENABLE_HARDENED_RUNTIME = YES;
				ENABLE_PREVIEWS = YES;
				GENERATE_INFOPLIST_FILE = YES;
				"INFOPLIST_KEY_UIApplicationSceneManifest_Generation[sdk=iphoneos*]" = YES;
				"INFOPLIST_KEY_UIApplicationSceneManifest_Generation[sdk=iphonesimulator*]" = YES;
				"INFOPLIST_KEY_UIApplicationSupportsIndirectInputEvents[sdk=iphoneos*]" = YES;
				"INFOPLIST_KEY_UIApplicationSupportsIndirectInputEvents[sdk=iphonesimulator*]" = YES;
				"INFOPLIST_KEY_UILaunchScreen_Generation[sdk=iphoneos*]" = YES;
				"INFOPLIST_KEY_UILaunchScreen_Generation[sdk=iphonesimulator*]" = YES;
				"INFOPLIST_KEY_UIStatusBarStyle[sdk=iphoneos*]" = UIStatusBarStyleDefault;
				"INFOPLIST_KEY_UIStatusBarStyle[sdk=iphonesimulator*]" = UIStatusBarStyleDefault;
				INFOPLIST_KEY_UISupportedInterfaceOrientations_iPad = "UIInterfaceOrientationPortrait UIInterfaceOrientationPortraitUpsideDown UIInterfaceOrientationLandscapeLeft UIInterfaceOrientationLandscapeRight";
				INFOPLIST_KEY_UISupportedInterfaceOrientations_iPhone = "UIInterfaceOrientationPortrait UIInterfaceOrientationLandscapeLeft UIInterfaceOrientationLandscapeRight";
				IPHONEOS_DEPLOYMENT_TARGET = 16.1;
				LD_RUNPATH_SEARCH_PATHS = "@executable_path/Frameworks";
				"LD_RUNPATH_SEARCH_PATHS[sdk=macosx*]" = "@executable_path/../Frameworks";
				MACOSX_DEPLOYMENT_TARGET = 12.6;
				MARKETING_VERSION = 1.0;
				PRODUCT_BUNDLE_IDENTIFIER = Fontys.Doorbell;
				PRODUCT_NAME = "$(TARGET_NAME)";
				SDKROOT = auto;
				SUPPORTED_PLATFORMS = "iphoneos iphonesimulator macosx";
				SWIFT_EMIT_LOC_STRINGS = YES;
				SWIFT_VERSION = 5.0;
				TARGETED_DEVICE_FAMILY = "1,2";
			};
			name = Release;
		};
		9BA36BCD2949E0AC00213E01 /* Debug */ = {
			isa = XCBuildConfiguration;
			buildSettings = {
				ALWAYS_EMBED_SWIFT_STANDARD_LIBRARIES = YES;
				BUNDLE_LOADER = "$(TEST_HOST)";
				CODE_SIGN_STYLE = Automatic;
				CURRENT_PROJECT_VERSION = 1;
				DEVELOPMENT_TEAM = K3VVPGNQ2B;
				GENERATE_INFOPLIST_FILE = YES;
				IPHONEOS_DEPLOYMENT_TARGET = 16.1;
				MACOSX_DEPLOYMENT_TARGET = 12.6;
				MARKETING_VERSION = 1.0;
				PRODUCT_BUNDLE_IDENTIFIER = Fontys.DoorbellTests;
				PRODUCT_NAME = "$(TARGET_NAME)";
				SDKROOT = auto;
				SUPPORTED_PLATFORMS = "iphoneos iphonesimulator macosx";
				SWIFT_EMIT_LOC_STRINGS = NO;
				SWIFT_VERSION = 5.0;
				TARGETED_DEVICE_FAMILY = "1,2";
				TEST_HOST = "$(BUILT_PRODUCTS_DIR)/Doorbell.app/$(BUNDLE_EXECUTABLE_FOLDER_PATH)/Doorbell";
			};
			name = Debug;
		};
		9BA36BCE2949E0AC00213E01 /* Release */ = {
			isa = XCBuildConfiguration;
			buildSettings = {
				ALWAYS_EMBED_SWIFT_STANDARD_LIBRARIES = YES;
				BUNDLE_LOADER = "$(TEST_HOST)";
				CODE_SIGN_STYLE = Automatic;
				CURRENT_PROJECT_VERSION = 1;
				DEVELOPMENT_TEAM = K3VVPGNQ2B;
				GENERATE_INFOPLIST_FILE = YES;
				IPHONEOS_DEPLOYMENT_TARGET = 16.1;
				MACOSX_DEPLOYMENT_TARGET = 12.6;
				MARKETING_VERSION = 1.0;
				PRODUCT_BUNDLE_IDENTIFIER = Fontys.DoorbellTests;
				PRODUCT_NAME = "$(TARGET_NAME)";
				SDKROOT = auto;
				SUPPORTED_PLATFORMS = "iphoneos iphonesimulator macosx";
				SWIFT_EMIT_LOC_STRINGS = NO;
				SWIFT_VERSION = 5.0;
				TARGETED_DEVICE_FAMILY = "1,2";
				TEST_HOST = "$(BUILT_PRODUCTS_DIR)/Doorbell.app/$(BUNDLE_EXECUTABLE_FOLDER_PATH)/Doorbell";
			};
			name = Release;
		};
		9BA36BD02949E0AC00213E01 /* Debug */ = {
			isa = XCBuildConfiguration;
			buildSettings = {
				ALWAYS_EMBED_SWIFT_STANDARD_LIBRARIES = YES;
				CODE_SIGN_STYLE = Automatic;
				CURRENT_PROJECT_VERSION = 1;
				DEVELOPMENT_TEAM = K3VVPGNQ2B;
				GENERATE_INFOPLIST_FILE = YES;
				IPHONEOS_DEPLOYMENT_TARGET = 16.1;
				MACOSX_DEPLOYMENT_TARGET = 12.6;
				MARKETING_VERSION = 1.0;
				PRODUCT_BUNDLE_IDENTIFIER = Fontys.DoorbellUITests;
				PRODUCT_NAME = "$(TARGET_NAME)";
				SDKROOT = auto;
				SUPPORTED_PLATFORMS = "iphoneos iphonesimulator macosx";
				SWIFT_EMIT_LOC_STRINGS = NO;
				SWIFT_VERSION = 5.0;
				TARGETED_DEVICE_FAMILY = "1,2";
				TEST_TARGET_NAME = Doorbell;
			};
			name = Debug;
		};
		9BA36BD12949E0AC00213E01 /* Release */ = {
			isa = XCBuildConfiguration;
			buildSettings = {
				ALWAYS_EMBED_SWIFT_STANDARD_LIBRARIES = YES;
				CODE_SIGN_STYLE = Automatic;
				CURRENT_PROJECT_VERSION = 1;
				DEVELOPMENT_TEAM = K3VVPGNQ2B;
				GENERATE_INFOPLIST_FILE = YES;
				IPHONEOS_DEPLOYMENT_TARGET = 16.1;
				MACOSX_DEPLOYMENT_TARGET = 12.6;
				MARKETING_VERSION = 1.0;
				PRODUCT_BUNDLE_IDENTIFIER = Fontys.DoorbellUITests;
				PRODUCT_NAME = "$(TARGET_NAME)";
				SDKROOT = auto;
				SUPPORTED_PLATFORMS = "iphoneos iphonesimulator macosx";
				SWIFT_EMIT_LOC_STRINGS = NO;
				SWIFT_VERSION = 5.0;
				TARGETED_DEVICE_FAMILY = "1,2";
				TEST_TARGET_NAME = Doorbell;
			};
			name = Release;
		};
/* End XCBuildConfiguration section */

/* Begin XCConfigurationList section */
		9BA36B9F2949E0AA00213E01 /* Build configuration list for PBXProject "Doorbell" */ = {
			isa = XCConfigurationList;
			buildConfigurations = (
				9BA36BC72949E0AC00213E01 /* Debug */,
				9BA36BC82949E0AC00213E01 /* Release */,
			);
			defaultConfigurationIsVisible = 0;
			defaultConfigurationName = Release;
		};
		9BA36BC92949E0AC00213E01 /* Build configuration list for PBXNativeTarget "Doorbell" */ = {
			isa = XCConfigurationList;
			buildConfigurations = (
				9BA36BCA2949E0AC00213E01 /* Debug */,
				9BA36BCB2949E0AC00213E01 /* Release */,
			);
			defaultConfigurationIsVisible = 0;
			defaultConfigurationName = Release;
		};
		9BA36BCC2949E0AC00213E01 /* Build configuration list for PBXNativeTarget "DoorbellTests" */ = {
			isa = XCConfigurationList;
			buildConfigurations = (
				9BA36BCD2949E0AC00213E01 /* Debug */,
				9BA36BCE2949E0AC00213E01 /* Release */,
			);
			defaultConfigurationIsVisible = 0;
			defaultConfigurationName = Release;
		};
		9BA36BCF2949E0AC00213E01 /* Build configuration list for PBXNativeTarget "DoorbellUITests" */ = {
			isa = XCConfigurationList;
			buildConfigurations = (
				9BA36BD02949E0AC00213E01 /* Debug */,
				9BA36BD12949E0AC00213E01 /* Release */,
			);
			defaultConfigurationIsVisible = 0;
			defaultConfigurationName = Release;
		};
/* End XCConfigurationList section */
	};
	rootObject = 9BA36B9C2949E0AA00213E01 /* Project object */;
}
